
Microsoft Visual Studio Solution File, Format Version 12.00
# Visual Studio Version 17
VisualStudioVersion = 17.4.33110.190
MinimumVisualStudioVersion = 10.0.40219.1
Project("{FAE04EC0-301F-11D3-BF4B-00C04F79EFBC}") = "WebNet", "WebNet.csproj", "{3038E444-2864-4823-890D-B4E811524D86}"
EndProject
Global
	GlobalSection(SolutionConfigurationPlatforms) = preSolution
		Debug|Any CPU = Debug|Any CPU
		Release|Any CPU = Release|Any CPU
	EndGlobalSection
	GlobalSection(ProjectConfigurationPlatforms) = postSolution
		{3038E444-2864-4823-890D-B4E811524D86}.Debug|Any CPU.ActiveCfg = Debug|Any CPU
		{3038E444-2864-4823-890D-B4E811524D86}.Debug|Any CPU.Build.0 = Debug|Any CPU
		{3038E444-2864-4823-890D-B4E811524D86}.Release|Any CPU.ActiveCfg = Release|Any CPU
		{3038E444-2864-4823-890D-B4E811524D86}.Release|Any CPU.Build.0 = Release|Any CPU
	EndGlobalSection
	GlobalSection(SolutionProperties) = preSolution
		HideSolutionNode = FALSE
	EndGlobalSection
	GlobalSection(ExtensibilityGlobals) = postSolution
		SolutionGuid = {E771A82D-8790-48A1-AFA4-9CFF04371015}
	EndGlobalSection
EndGlobal
